
Microsoft Visual Studio Solution File, Format Version 12.00
# Visual Studio Version 16
VisualStudioVersion = 16.0.29001.49
MinimumVisualStudioVersion = 15.0.26124.0
Project("{2150E333-8FDC-42A3-9474-1A3956D46DE8}") = "Markdown", "Markdown", "{B09B3DA6-C802-4EBC-8C7F-161DD5C4E4F0}"
	ProjectSection(SolutionItems) = preProject
		CommonServerlessServices.md = CommonServerlessServices.md
		FinalWrapup.md = FinalWrapup.md
		..\README.md = ..\README.md
		TOC.json = TOC.json
		TODOListServices.md = TODOListServices.md
		WhatAreWeBuilding.md = WhatAreWeBuilding.md
		WhatIsServerless.md = WhatIsServerless.md
	EndProjectSection
EndProject
Project("{9A19103F-16F7-4668-BE54-9A1E7A4F7556}") = "Snippets", "Snippets\Snippets.csproj", "{D2D41056-9439-47D1-9699-3207865C12CE}"
EndProject
Project("{2150E333-8FDC-42A3-9474-1A3956D46DE8}") = "DynamoDBModule", "DynamoDBModule", "{2F57FDB5-7F10-41FD-A6DE-02999A529F99}"
	ProjectSection(SolutionItems) = preProject
		DynamoDBModule\CreateTable.md = DynamoDBModule\CreateTable.md
		DynamoDBModule\DDBServiceClientAPI.md = DynamoDBModule\DDBServiceClientAPI.md
		DynamoDBModule\DotNetDynamoDBAPIs.md = DynamoDBModule\DotNetDynamoDBAPIs.md
		DynamoDBModule\DotNetDynamoDBDataModel.md = DynamoDBModule\DotNetDynamoDBDataModel.md
		DynamoDBModule\DynamoDBWrapUp.md = DynamoDBModule\DynamoDBWrapUp.md
		DynamoDBModule\WhatIsDynamoDB.md = DynamoDBModule\WhatIsDynamoDB.md
	EndProjectSection
EndProject
Project("{2150E333-8FDC-42A3-9474-1A3956D46DE8}") = "StreamProcessing", "StreamProcessing", "{30097844-18BC-435D-905C-4C4FD5B5A3E9}"
	ProjectSection(SolutionItems) = preProject
		StreamProcessing\ConfigureLambdaEventSource.md = StreamProcessing\ConfigureLambdaEventSource.md
		StreamProcessing\DeployLambdaFunction.md = StreamProcessing\DeployLambdaFunction.md
		StreamProcessing\EnableDynamoDBStream.md = StreamProcessing\EnableDynamoDBStream.md
		StreamProcessing\LookAtLambdaFunction.md = StreamProcessing\LookAtLambdaFunction.md
		StreamProcessing\ServiceEvents.md = StreamProcessing\ServiceEvents.md
		StreamProcessing\SettingUpSES.md = StreamProcessing\SettingUpSES.md
		StreamProcessing\StreamProcessingWrapup.md = StreamProcessing\StreamProcessingWrapup.md
		StreamProcessing\TestingLambdaFunction.md = StreamProcessing\TestingLambdaFunction.md
		StreamProcessing\TODOTaskListAssignment.md = StreamProcessing\TODOTaskListAssignment.md
		StreamProcessing\TroubleshootingLambda.md = StreamProcessing\TroubleshootingLambda.md
	EndProjectSection
EndProject
Project("{9A19103F-16F7-4668-BE54-9A1E7A4F7556}") = "TOCBuilder", "TOCBuilder\TOCBuilder.csproj", "{6988D981-6A9F-400F-BF75-985BF1740193}"
EndProject
Project("{2150E333-8FDC-42A3-9474-1A3956D46DE8}") = "ASP.NETCoreFrontend", "ASP.NETCoreFrontend", "{3FD8F50A-2214-4087-AC67-2655DA6B03CE}"
	ProjectSection(SolutionItems) = preProject
		ASP.NETCoreFrontend\DependencyInjection.md = ASP.NETCoreFrontend\DependencyInjection.md
		ASP.NETCoreFrontend\FrontendWrapup.md = ASP.NETCoreFrontend\FrontendWrapup.md
		ASP.NETCoreFrontend\ParameterStoreConfigurationProvider.md = ASP.NETCoreFrontend\ParameterStoreConfigurationProvider.md
		ASP.NETCoreFrontend\ParameterStoreDataProtection.md = ASP.NETCoreFrontend\ParameterStoreDataProtection.md
		ASP.NETCoreFrontend\TheFrontend.md = ASP.NETCoreFrontend\TheFrontend.md
		ASP.NETCoreFrontend\WebIdentity.md = ASP.NETCoreFrontend\WebIdentity.md
	EndProjectSection
EndProject
Project("{2150E333-8FDC-42A3-9474-1A3956D46DE8}") = "DeployingFrontend", "DeployingFrontend", "{9632FF2C-A027-4575-88C2-D56448FDBFB6}"
	ProjectSection(SolutionItems) = preProject
		DeployingFrontend\AspNetCoreAsLambda.md = DeployingFrontend\AspNetCoreAsLambda.md
		DeployingFrontend\DeployingFrontend.md = DeployingFrontend\DeployingFrontend.md
		DeployingFrontend\FargateDeploy.md = DeployingFrontend\FargateDeploy.md
		DeployingFrontend\FargatePrepare.md = DeployingFrontend\FargatePrepare.md
		DeployingFrontend\LambdaDeploy.md = DeployingFrontend\LambdaDeploy.md
		DeployingFrontend\LambdaPrepare.md = DeployingFrontend\LambdaPrepare.md
	EndProjectSection
EndProject
Global
	GlobalSection(SolutionConfigurationPlatforms) = preSolution
		Debug|Any CPU = Debug|Any CPU
		Release|Any CPU = Release|Any CPU
	EndGlobalSection
	GlobalSection(ProjectConfigurationPlatforms) = postSolution
		{D2D41056-9439-47D1-9699-3207865C12CE}.Debug|Any CPU.ActiveCfg = Debug|Any CPU
		{D2D41056-9439-47D1-9699-3207865C12CE}.Debug|Any CPU.Build.0 = Debug|Any CPU
		{D2D41056-9439-47D1-9699-3207865C12CE}.Release|Any CPU.ActiveCfg = Release|Any CPU
		{D2D41056-9439-47D1-9699-3207865C12CE}.Release|Any CPU.Build.0 = Release|Any CPU
		{6988D981-6A9F-400F-BF75-985BF1740193}.Debug|Any CPU.ActiveCfg = Debug|Any CPU
		{6988D981-6A9F-400F-BF75-985BF1740193}.Debug|Any CPU.Build.0 = Debug|Any CPU
		{6988D981-6A9F-400F-BF75-985BF1740193}.Release|Any CPU.ActiveCfg = Release|Any CPU
		{6988D981-6A9F-400F-BF75-985BF1740193}.Release|Any CPU.Build.0 = Release|Any CPU
	EndGlobalSection
	GlobalSection(SolutionProperties) = preSolution
		HideSolutionNode = FALSE
	EndGlobalSection
	GlobalSection(NestedProjects) = preSolution
		{2F57FDB5-7F10-41FD-A6DE-02999A529F99} = {B09B3DA6-C802-4EBC-8C7F-161DD5C4E4F0}
		{30097844-18BC-435D-905C-4C4FD5B5A3E9} = {B09B3DA6-C802-4EBC-8C7F-161DD5C4E4F0}
		{3FD8F50A-2214-4087-AC67-2655DA6B03CE} = {B09B3DA6-C802-4EBC-8C7F-161DD5C4E4F0}
		{9632FF2C-A027-4575-88C2-D56448FDBFB6} = {B09B3DA6-C802-4EBC-8C7F-161DD5C4E4F0}
	EndGlobalSection
	GlobalSection(ExtensibilityGlobals) = postSolution
		SolutionGuid = {A94325C0-2B38-44AF-9ADD-C61FC1079E15}
	EndGlobalSection
EndGlobal
